
Microsoft Visual Studio Solution File, Format Version 11.00
# Visual Studio 2010
Project("{FAE04EC0-301F-11D3-BF4B-00C04F79EFBC}") = "Bee-Adventure", "Assembly-CSharp.csproj", "{5D79E2E4-C409-70B7-37BF-5B5D66B303AB}"
EndProject
Project("{FAE04EC0-301F-11D3-BF4B-00C04F79EFBC}") = "Bee-Adventure", "Assembly-CSharp-Editor.csproj", "{8F491CB1-A802-8651-1753-31ACA65EAB18}"
EndProject
Global
	GlobalSection(SolutionConfigurationPlatforms) = preSolution
		Debug|Any CPU = Debug|Any CPU
		Release|Any CPU = Release|Any CPU
	EndGlobalSection
	GlobalSection(ProjectConfigurationPlatforms) = postSolution
		{5D79E2E4-C409-70B7-37BF-5B5D66B303AB}.Debug|Any CPU.ActiveCfg = Debug|Any CPU
		{5D79E2E4-C409-70B7-37BF-5B5D66B303AB}.Debug|Any CPU.Build.0 = Debug|Any CPU
		{5D79E2E4-C409-70B7-37BF-5B5D66B303AB}.Release|Any CPU.ActiveCfg = Release|Any CPU
		{5D79E2E4-C409-70B7-37BF-5B5D66B303AB}.Release|Any CPU.Build.0 = Release|Any CPU
		{8F491CB1-A802-8651-1753-31ACA65EAB18}.Debug|Any CPU.ActiveCfg = Debug|Any CPU
		{8F491CB1-A802-8651-1753-31ACA65EAB18}.Debug|Any CPU.Build.0 = Debug|Any CPU
		{8F491CB1-A802-8651-1753-31ACA65EAB18}.Release|Any CPU.ActiveCfg = Release|Any CPU
		{8F491CB1-A802-8651-1753-31ACA65EAB18}.Release|Any CPU.Build.0 = Release|Any CPU
	EndGlobalSection
	GlobalSection(SolutionProperties) = preSolution
		HideSolutionNode = FALSE
	EndGlobalSection
	GlobalSection(MonoDevelopProperties) = preSolution
		StartupItem = Assembly-CSharp.csproj
	EndGlobalSection
EndGlobal
