
Microsoft Visual Studio Solution File, Format Version 12.00
# Visual Studio 2015
Project("{FAE04EC0-301F-11D3-BF4B-00C04F79EFBC}") = "Bee-Adventure.CSharp", "Bee-Adventure.CSharp.csproj", "{0D261541-148C-F6E9-7189-E357697E78F6}"
EndProject
Project("{FAE04EC0-301F-11D3-BF4B-00C04F79EFBC}") = "Bee-Adventure.CSharp.Editor", "Bee-Adventure.CSharp.Editor.csproj", "{AD6233E0-B17C-84D1-B14E-9907B51023AD}"
EndProject
Global
	GlobalSection(SolutionConfigurationPlatforms) = preSolution
		Debug|Any CPU = Debug|Any CPU
		Release|Any CPU = Release|Any CPU
	EndGlobalSection
	GlobalSection(ProjectConfigurationPlatforms) = postSolution
		{0D261541-148C-F6E9-7189-E357697E78F6}.Debug|Any CPU.ActiveCfg = Debug|Any CPU
		{0D261541-148C-F6E9-7189-E357697E78F6}.Debug|Any CPU.Build.0 = Debug|Any CPU
		{0D261541-148C-F6E9-7189-E357697E78F6}.Release|Any CPU.ActiveCfg = Release|Any CPU
		{0D261541-148C-F6E9-7189-E357697E78F6}.Release|Any CPU.Build.0 = Release|Any CPU
		{AD6233E0-B17C-84D1-B14E-9907B51023AD}.Debug|Any CPU.ActiveCfg = Debug|Any CPU
		{AD6233E0-B17C-84D1-B14E-9907B51023AD}.Debug|Any CPU.Build.0 = Debug|Any CPU
		{AD6233E0-B17C-84D1-B14E-9907B51023AD}.Release|Any CPU.ActiveCfg = Release|Any CPU
		{AD6233E0-B17C-84D1-B14E-9907B51023AD}.Release|Any CPU.Build.0 = Release|Any CPU
	EndGlobalSection
	GlobalSection(SolutionProperties) = preSolution
		HideSolutionNode = FALSE
	EndGlobalSection
EndGlobal
